
Microsoft Visual Studio Solution File, Format Version 12.00
# Visual Studio Version 16
VisualStudioVersion = 16.0.30413.136
MinimumVisualStudioVersion = 10.0.40219.1
Project("{9A19103F-16F7-4668-BE54-9A1E7A4F7556}") = "MyAxiaMarket1", "MyAxiaMarket1.csproj", "{084C7BB0-B205-453F-92D1-A18D9BAA75A9}"
EndProject
Global
	GlobalSection(SolutionConfigurationPlatforms) = preSolution
		Debug|Any CPU = Debug|Any CPU
		Release|Any CPU = Release|Any CPU
	EndGlobalSection
	GlobalSection(ProjectConfigurationPlatforms) = postSolution
		{084C7BB0-B205-453F-92D1-A18D9BAA75A9}.Debug|Any CPU.ActiveCfg = Debug|Any CPU
		{084C7BB0-B205-453F-92D1-A18D9BAA75A9}.Debug|Any CPU.Build.0 = Debug|Any CPU
		{084C7BB0-B205-453F-92D1-A18D9BAA75A9}.Release|Any CPU.ActiveCfg = Release|Any CPU
		{084C7BB0-B205-453F-92D1-A18D9BAA75A9}.Release|Any CPU.Build.0 = Release|Any CPU
	EndGlobalSection
	GlobalSection(SolutionProperties) = preSolution
		HideSolutionNode = FALSE
	EndGlobalSection
	GlobalSection(ExtensibilityGlobals) = postSolution
		SolutionGuid = {B7A50135-F4BC-4450-BD54-3FFF465A8E1B}
	EndGlobalSection
EndGlobal
